
Microsoft Visual Studio Solution File, Format Version 12.00
# Visual Studio 2012
Project("{FAE04EC0-301F-11D3-BF4B-00C04F79EFBC}") = "Roguelike", "Roguelike\Roguelike\Roguelike.csproj", "{D767EB88-0EB9-413A-AF33-60AB518ED724}"
EndProject
Project("{FAE04EC0-301F-11D3-BF4B-00C04F79EFBC}") = "RoguelikeContent", "Roguelike\RoguelikeContent\RoguelikeContent.contentproj", "{D1D3BA17-AB61-49C6-96D1-2757C1F96764}"
EndProject
Global
	GlobalSection(SolutionConfigurationPlatforms) = preSolution
		Debug|Any CPU = Debug|Any CPU
		Debug|Mixed Platforms = Debug|Mixed Platforms
		Debug|x86 = Debug|x86
		Release|Any CPU = Release|Any CPU
		Release|Mixed Platforms = Release|Mixed Platforms
		Release|x86 = Release|x86
	EndGlobalSection
	GlobalSection(ProjectConfigurationPlatforms) = postSolution
		{D767EB88-0EB9-413A-AF33-60AB518ED724}.Debug|Any CPU.ActiveCfg = Debug|x86
		{D767EB88-0EB9-413A-AF33-60AB518ED724}.Debug|Mixed Platforms.ActiveCfg = Debug|x86
		{D767EB88-0EB9-413A-AF33-60AB518ED724}.Debug|Mixed Platforms.Build.0 = Debug|x86
		{D767EB88-0EB9-413A-AF33-60AB518ED724}.Debug|x86.ActiveCfg = Debug|x86
		{D767EB88-0EB9-413A-AF33-60AB518ED724}.Debug|x86.Build.0 = Debug|x86
		{D767EB88-0EB9-413A-AF33-60AB518ED724}.Release|Any CPU.ActiveCfg = Release|x86
		{D767EB88-0EB9-413A-AF33-60AB518ED724}.Release|Mixed Platforms.ActiveCfg = Release|x86
		{D767EB88-0EB9-413A-AF33-60AB518ED724}.Release|Mixed Platforms.Build.0 = Release|x86
		{D767EB88-0EB9-413A-AF33-60AB518ED724}.Release|x86.ActiveCfg = Release|x86
		{D767EB88-0EB9-413A-AF33-60AB518ED724}.Release|x86.Build.0 = Release|x86
		{D1D3BA17-AB61-49C6-96D1-2757C1F96764}.Debug|Any CPU.ActiveCfg = Debug|x86
		{D1D3BA17-AB61-49C6-96D1-2757C1F96764}.Debug|Mixed Platforms.ActiveCfg = Debug|x86
		{D1D3BA17-AB61-49C6-96D1-2757C1F96764}.Debug|x86.ActiveCfg = Debug|x86
		{D1D3BA17-AB61-49C6-96D1-2757C1F96764}.Release|Any CPU.ActiveCfg = Release|x86
		{D1D3BA17-AB61-49C6-96D1-2757C1F96764}.Release|Mixed Platforms.ActiveCfg = Release|x86
		{D1D3BA17-AB61-49C6-96D1-2757C1F96764}.Release|x86.ActiveCfg = Release|x86
	EndGlobalSection
	GlobalSection(SolutionProperties) = preSolution
		HideSolutionNode = FALSE
	EndGlobalSection
EndGlobal
